
Microsoft Visual Studio Solution File, Format Version 12.00
# Visual Studio Version 17
VisualStudioVersion = 17.14.36705.20 d17.14
MinimumVisualStudioVersion = 10.0.40219.1
Project("{FAE04EC0-301F-11D3-BF4B-00C04F79EFBC}") = "SampleMVCAzure", "SampleMVCAzure\SampleMVCAzure.csproj", "{AA9FE3F4-B5C1-4129-88D2-14B613D08E6D}"
EndProject
Global
	GlobalSection(SolutionConfigurationPlatforms) = preSolution
		Debug|Any CPU = Debug|Any CPU
		Release|Any CPU = Release|Any CPU
	EndGlobalSection
	GlobalSection(ProjectConfigurationPlatforms) = postSolution
		{AA9FE3F4-B5C1-4129-88D2-14B613D08E6D}.Debug|Any CPU.ActiveCfg = Debug|Any CPU
		{AA9FE3F4-B5C1-4129-88D2-14B613D08E6D}.Debug|Any CPU.Build.0 = Debug|Any CPU
		{AA9FE3F4-B5C1-4129-88D2-14B613D08E6D}.Release|Any CPU.ActiveCfg = Release|Any CPU
		{AA9FE3F4-B5C1-4129-88D2-14B613D08E6D}.Release|Any CPU.Build.0 = Release|Any CPU
	EndGlobalSection
	GlobalSection(SolutionProperties) = preSolution
		HideSolutionNode = FALSE
	EndGlobalSection
	GlobalSection(ExtensibilityGlobals) = postSolution
		SolutionGuid = {6F766213-8179-4379-A929-2FD2C71590A5}
	EndGlobalSection
EndGlobal
